
Microsoft Visual Studio Solution File, Format Version 12.00
# Visual Studio Version 16
VisualStudioVersion = 16.0.31624.102
MinimumVisualStudioVersion = 10.0.40219.1
Project("{FAE04EC0-301F-11D3-BF4B-00C04F79EFBC}") = "Session_3_HW", "Session_3_HW\Session_3_HW.csproj", "{23B0B92C-6E00-4C33-A709-0459573C89B3}"
EndProject
Global
	GlobalSection(SolutionConfigurationPlatforms) = preSolution
		Debug|Any CPU = Debug|Any CPU
		Release|Any CPU = Release|Any CPU
	EndGlobalSection
	GlobalSection(ProjectConfigurationPlatforms) = postSolution
		{23B0B92C-6E00-4C33-A709-0459573C89B3}.Debug|Any CPU.ActiveCfg = Debug|Any CPU
		{23B0B92C-6E00-4C33-A709-0459573C89B3}.Debug|Any CPU.Build.0 = Debug|Any CPU
		{23B0B92C-6E00-4C33-A709-0459573C89B3}.Release|Any CPU.ActiveCfg = Release|Any CPU
		{23B0B92C-6E00-4C33-A709-0459573C89B3}.Release|Any CPU.Build.0 = Release|Any CPU
	EndGlobalSection
	GlobalSection(SolutionProperties) = preSolution
		HideSolutionNode = FALSE
	EndGlobalSection
	GlobalSection(ExtensibilityGlobals) = postSolution
		SolutionGuid = {657CEC3C-C96B-461D-BE90-6E142A228312}
	EndGlobalSection
EndGlobal
